
Microsoft Visual Studio Solution File, Format Version 12.00
# Visual Studio Version 16
VisualStudioVersion = 16.0.30204.135
MinimumVisualStudioVersion = 10.0.40219.1
Project("{FAE04EC0-301F-11D3-BF4B-00C04F79EFBC}") = "interface-exercise", "interface-exercise\interface-exercise.csproj", "{FCB6CAEF-AAD0-478C-ACF4-AB33B4BAA322}"
EndProject
Global
	GlobalSection(SolutionConfigurationPlatforms) = preSolution
		Debug|Any CPU = Debug|Any CPU
		Release|Any CPU = Release|Any CPU
	EndGlobalSection
	GlobalSection(ProjectConfigurationPlatforms) = postSolution
		{FCB6CAEF-AAD0-478C-ACF4-AB33B4BAA322}.Debug|Any CPU.ActiveCfg = Debug|Any CPU
		{FCB6CAEF-AAD0-478C-ACF4-AB33B4BAA322}.Debug|Any CPU.Build.0 = Debug|Any CPU
		{FCB6CAEF-AAD0-478C-ACF4-AB33B4BAA322}.Release|Any CPU.ActiveCfg = Release|Any CPU
		{FCB6CAEF-AAD0-478C-ACF4-AB33B4BAA322}.Release|Any CPU.Build.0 = Release|Any CPU
	EndGlobalSection
	GlobalSection(SolutionProperties) = preSolution
		HideSolutionNode = FALSE
	EndGlobalSection
	GlobalSection(ExtensibilityGlobals) = postSolution
		SolutionGuid = {21C1610E-F5DA-4F67-AB0C-9F2EE4B9FE4E}
	EndGlobalSection
EndGlobal
