
Microsoft Visual Studio Solution File, Format Version 12.00
# Visual Studio Version 16
VisualStudioVersion = 16.0.30204.135
MinimumVisualStudioVersion = 10.0.40219.1
Project("{FAE04EC0-301F-11D3-BF4B-00C04F79EFBC}") = "SQL-OracleConnection", "SQL-OracleConnection\SQL-OracleConnection.csproj", "{CED74894-427B-4ABB-94AB-45C3891AEDB7}"
EndProject
Global
	GlobalSection(SolutionConfigurationPlatforms) = preSolution
		Debug|Any CPU = Debug|Any CPU
		Release|Any CPU = Release|Any CPU
	EndGlobalSection
	GlobalSection(ProjectConfigurationPlatforms) = postSolution
		{CED74894-427B-4ABB-94AB-45C3891AEDB7}.Debug|Any CPU.ActiveCfg = Debug|Any CPU
		{CED74894-427B-4ABB-94AB-45C3891AEDB7}.Debug|Any CPU.Build.0 = Debug|Any CPU
		{CED74894-427B-4ABB-94AB-45C3891AEDB7}.Release|Any CPU.ActiveCfg = Release|Any CPU
		{CED74894-427B-4ABB-94AB-45C3891AEDB7}.Release|Any CPU.Build.0 = Release|Any CPU
	EndGlobalSection
	GlobalSection(SolutionProperties) = preSolution
		HideSolutionNode = FALSE
	EndGlobalSection
	GlobalSection(ExtensibilityGlobals) = postSolution
		SolutionGuid = {DA641E38-16DD-43A9-99B4-A9E6E994E167}
	EndGlobalSection
EndGlobal
