
Microsoft Visual Studio Solution File, Format Version 12.00
# Visual Studio Version 16
VisualStudioVersion = 16.0.30204.135
MinimumVisualStudioVersion = 10.0.40219.1
Project("{FAE04EC0-301F-11D3-BF4B-00C04F79EFBC}") = "stopwatch", "stopwatch\stopwatch.csproj", "{7E7DC43B-6401-48FB-99EE-1B2571BC5EAE}"
EndProject
Global
	GlobalSection(SolutionConfigurationPlatforms) = preSolution
		Debug|Any CPU = Debug|Any CPU
		Release|Any CPU = Release|Any CPU
	EndGlobalSection
	GlobalSection(ProjectConfigurationPlatforms) = postSolution
		{7E7DC43B-6401-48FB-99EE-1B2571BC5EAE}.Debug|Any CPU.ActiveCfg = Debug|Any CPU
		{7E7DC43B-6401-48FB-99EE-1B2571BC5EAE}.Debug|Any CPU.Build.0 = Debug|Any CPU
		{7E7DC43B-6401-48FB-99EE-1B2571BC5EAE}.Release|Any CPU.ActiveCfg = Release|Any CPU
		{7E7DC43B-6401-48FB-99EE-1B2571BC5EAE}.Release|Any CPU.Build.0 = Release|Any CPU
	EndGlobalSection
	GlobalSection(SolutionProperties) = preSolution
		HideSolutionNode = FALSE
	EndGlobalSection
	GlobalSection(ExtensibilityGlobals) = postSolution
		SolutionGuid = {FD9422B3-B83C-488E-A91D-BF2BE8C64EF0}
	EndGlobalSection
EndGlobal
